
Microsoft Visual Studio Solution File, Format Version 12.00
# Visual Studio 15
VisualStudioVersion = 15.0.27703.2018
MinimumVisualStudioVersion = 10.0.40219.1
Project("{FAE04EC0-301F-11D3-BF4B-00C04F79EFBC}") = "ArraysDemo", "ArraysDemo.csproj", "{2ED697DF-69A8-49CD-9E2A-250DC6313464}"
EndProject
Global
	GlobalSection(SolutionConfigurationPlatforms) = preSolution
		Debug|Any CPU = Debug|Any CPU
		Release|Any CPU = Release|Any CPU
	EndGlobalSection
	GlobalSection(ProjectConfigurationPlatforms) = postSolution
		{2ED697DF-69A8-49CD-9E2A-250DC6313464}.Debug|Any CPU.ActiveCfg = Debug|Any CPU
		{2ED697DF-69A8-49CD-9E2A-250DC6313464}.Debug|Any CPU.Build.0 = Debug|Any CPU
		{2ED697DF-69A8-49CD-9E2A-250DC6313464}.Release|Any CPU.ActiveCfg = Release|Any CPU
		{2ED697DF-69A8-49CD-9E2A-250DC6313464}.Release|Any CPU.Build.0 = Release|Any CPU
	EndGlobalSection
	GlobalSection(SolutionProperties) = preSolution
		HideSolutionNode = FALSE
	EndGlobalSection
	GlobalSection(ExtensibilityGlobals) = postSolution
		SolutionGuid = {AE86E590-158B-4CE5-872A-0F387D8B47EA}
	EndGlobalSection
EndGlobal
